
Microsoft Visual Studio Solution File, Format Version 12.00
# Visual Studio Version 17
VisualStudioVersion = 17.3.32922.545
MinimumVisualStudioVersion = 10.0.40219.1
Project("{FAE04EC0-301F-11D3-BF4B-00C04F79EFBC}") = "abstract class", "abstract class\abstract class.csproj", "{58DF9F7F-ED86-41FD-9E2E-EC86201562FB}"
EndProject
Global
	GlobalSection(SolutionConfigurationPlatforms) = preSolution
		Debug|Any CPU = Debug|Any CPU
		Release|Any CPU = Release|Any CPU
	EndGlobalSection
	GlobalSection(ProjectConfigurationPlatforms) = postSolution
		{58DF9F7F-ED86-41FD-9E2E-EC86201562FB}.Debug|Any CPU.ActiveCfg = Debug|Any CPU
		{58DF9F7F-ED86-41FD-9E2E-EC86201562FB}.Debug|Any CPU.Build.0 = Debug|Any CPU
		{58DF9F7F-ED86-41FD-9E2E-EC86201562FB}.Release|Any CPU.ActiveCfg = Release|Any CPU
		{58DF9F7F-ED86-41FD-9E2E-EC86201562FB}.Release|Any CPU.Build.0 = Release|Any CPU
	EndGlobalSection
	GlobalSection(SolutionProperties) = preSolution
		HideSolutionNode = FALSE
	EndGlobalSection
	GlobalSection(ExtensibilityGlobals) = postSolution
		SolutionGuid = {56CC7957-78BC-43BA-BDDA-FED7B918EEB6}
	EndGlobalSection
EndGlobal
